// !$*UTF8*$!
{
	archiveVersion = 1;
	classes = {
	};
	objectVersion = 48;
	objects = {

/* Begin PBXBuildFile section */
		22382D0A1FB747E70098E04C /* AppDelegate.swift in Sources */ = {isa = PBXBuildFile; fileRef = 22382D091FB747E70098E04C /* AppDelegate.swift */; };
		22382D0C1FB747E70098E04C /* CategoryVC.swift in Sources */ = {isa = PBXBuildFile; fileRef = 22382D0B1FB747E70098E04C /* CategoryVC.swift */; };
		22382D0F1FB747E70098E04C /* Main.storyboard in Resources */ = {isa = PBXBuildFile; fileRef = 22382D0D1FB747E70098E04C /* Main.storyboard */; };
		22382D111FB747E70098E04C /* Assets.xcassets in Resources */ = {isa = PBXBuildFile; fileRef = 22382D101FB747E70098E04C /* Assets.xcassets */; };
		22382D141FB747E70098E04C /* LaunchScreen.storyboard in Resources */ = {isa = PBXBuildFile; fileRef = 22382D121FB747E70098E04C /* LaunchScreen.storyboard */; };
		22382D211FB8D60B0098E04C /* ProductVC.swift in Sources */ = {isa = PBXBuildFile; fileRef = 22382D201FB8D60B0098E04C /* ProductVC.swift */; };
		22382D251FB8D6540098E04C /* DataService.swift in Sources */ = {isa = PBXBuildFile; fileRef = 22382D241FB8D6540098E04C /* DataService.swift */; };
		22382D271FB8D67A0098E04C /* product.swift in Sources */ = {isa = PBXBuildFile; fileRef = 22382D261FB8D67A0098E04C /* product.swift */; };
		22382D291FB8D6880098E04C /* Category.swift in Sources */ = {isa = PBXBuildFile; fileRef = 22382D281FB8D6880098E04C /* Category.swift */; };
		22382D2D1FB8DA160098E04C /* ProductCell.swift in Sources */ = {isa = PBXBuildFile; fileRef = 22382D2C1FB8DA160098E04C /* ProductCell.swift */; };
		22382D2F1FB8DA4E0098E04C /* CategoryCell.swift in Sources */ = {isa = PBXBuildFile; fileRef = 22382D2E1FB8DA4E0098E04C /* CategoryCell.swift */; };
/* End PBXBuildFile section */

/* Begin PBXFileReference section */
		22382D061FB747E70098E04C /* shoplyft.app */ = {isa = PBXFileReference; explicitFileType = wrapper.application; includeInIndex = 0; path = shoplyft.app; sourceTree = BUILT_PRODUCTS_DIR; };
		22382D091FB747E70098E04C /* AppDelegate.swift */ = {isa = PBXFileReference; lastKnownFileType = sourcecode.swift; path = AppDelegate.swift; sourceTree = "<group>"; };
		22382D0B1FB747E70098E04C /* CategoryVC.swift */ = {isa = PBXFileReference; lastKnownFileType = sourcecode.swift; path = CategoryVC.swift; sourceTree = "<group>"; };
		22382D0E1FB747E70098E04C /* Base */ = {isa = PBXFileReference; lastKnownFileType = file.storyboard; name = Base; path = Base.lproj/Main.storyboard; sourceTree = "<group>"; };
		22382D101FB747E70098E04C /* Assets.xcassets */ = {isa = PBXFileReference; lastKnownFileType = folder.assetcatalog; path = Assets.xcassets; sourceTree = "<group>"; };
		22382D131FB747E70098E04C /* Base */ = {isa = PBXFileReference; lastKnownFileType = file.storyboard; name = Base; path = Base.lproj/LaunchScreen.storyboard; sourceTree = "<group>"; };
		22382D151FB747E70098E04C /* Info.plist */ = {isa = PBXFileReference; lastKnownFileType = text.plist.xml; path = Info.plist; sourceTree = "<group>"; };
		22382D201FB8D60B0098E04C /* ProductVC.swift */ = {isa = PBXFileReference; lastKnownFileType = sourcecode.swift; path = ProductVC.swift; sourceTree = "<group>"; };
		22382D241FB8D6540098E04C /* DataService.swift */ = {isa = PBXFileReference; lastKnownFileType = sourcecode.swift; path = DataService.swift; sourceTree = "<group>"; };
		22382D261FB8D67A0098E04C /* product.swift */ = {isa = PBXFileReference; lastKnownFileType = sourcecode.swift; path = product.swift; sourceTree = "<group>"; };
		22382D281FB8D6880098E04C /* Category.swift */ = {isa = PBXFileReference; lastKnownFileType = sourcecode.swift; path = Category.swift; sourceTree = "<group>"; };
		22382D2C1FB8DA160098E04C /* ProductCell.swift */ = {isa = PBXFileReference; lastKnownFileType = sourcecode.swift; path = ProductCell.swift; sourceTree = "<group>"; };
		22382D2E1FB8DA4E0098E04C /* CategoryCell.swift */ = {isa = PBXFileReference; lastKnownFileType = sourcecode.swift; path = CategoryCell.swift; sourceTree = "<group>"; };
/* End PBXFileReference section */

/* Begin PBXFrameworksBuildPhase section */
		22382D031FB747E70098E04C /* Frameworks */ = {
			isa = PBXFrameworksBuildPhase;
			buildActionMask = 2147483647;
			files = (
			);
			runOnlyForDeploymentPostprocessing = 0;
		};
/* End PBXFrameworksBuildPhase section */

/* Begin PBXGroup section */
		22382CFD1FB747E70098E04C = {
			isa = PBXGroup;
			children = (
				22382D081FB747E70098E04C /* shoplyft */,
				22382D071FB747E70098E04C /* Products */,
			);
			sourceTree = "<group>";
		};
		22382D071FB747E70098E04C /* Products */ = {
			isa = PBXGroup;
			children = (
				22382D061FB747E70098E04C /* shoplyft.app */,
			);
			name = Products;
			sourceTree = "<group>";
		};
		22382D081FB747E70098E04C /* shoplyft */ = {
			isa = PBXGroup;
			children = (
				22382D1F1FB8D5B30098E04C /* Service */,
				22382D1E1FB8D5500098E04C /* Controllers */,
				22382D1D1FB8D54D0098E04C /* Model */,
				22382D1C1FB8D54A0098E04C /* Views */,
				22382D091FB747E70098E04C /* AppDelegate.swift */,
				22382D0D1FB747E70098E04C /* Main.storyboard */,
				22382D101FB747E70098E04C /* Assets.xcassets */,
				22382D121FB747E70098E04C /* LaunchScreen.storyboard */,
				22382D151FB747E70098E04C /* Info.plist */,
			);
			path = shoplyft;
			sourceTree = "<group>";
		};
		22382D1C1FB8D54A0098E04C /* Views */ = {
			isa = PBXGroup;
			children = (
				22382D2C1FB8DA160098E04C /* ProductCell.swift */,
				22382D2E1FB8DA4E0098E04C /* CategoryCell.swift */,
			);
			path = Views;
			sourceTree = "<group>";
		};
		22382D1D1FB8D54D0098E04C /* Model */ = {
			isa = PBXGroup;
			children = (
				22382D261FB8D67A0098E04C /* product.swift */,
				22382D281FB8D6880098E04C /* Category.swift */,
			);
			path = Model;
			sourceTree = "<group>";
		};
		22382D1E1FB8D5500098E04C /* Controllers */ = {
			isa = PBXGroup;
			children = (
				22382D201FB8D60B0098E04C /* ProductVC.swift */,
				22382D0B1FB747E70098E04C /* CategoryVC.swift */,
			);
			path = Controllers;
			sourceTree = "<group>";
		};
		22382D1F1FB8D5B30098E04C /* Service */ = {
			isa = PBXGroup;
			children = (
				22382D241FB8D6540098E04C /* DataService.swift */,
			);
			path = Service;
			sourceTree = "<group>";
		};
/* End PBXGroup section */

/* Begin PBXNativeTarget section */
		22382D051FB747E70098E04C /* shoplyft */ = {
			isa = PBXNativeTarget;
			buildConfigurationList = 22382D181FB747E70098E04C /* Build configuration list for PBXNativeTarget "shoplyft" */;
			buildPhases = (
				22382D021FB747E70098E04C /* Sources */,
				22382D031FB747E70098E04C /* Frameworks */,
				22382D041FB747E70098E04C /* Resources */,
			);
			buildRules = (
			);
			dependencies = (
			);
			name = shoplyft;
			productName = shoplyft;
			productReference = 22382D061FB747E70098E04C /* shoplyft.app */;
			productType = "com.apple.product-type.application";
		};
/* End PBXNativeTarget section */

/* Begin PBXProject section */
		22382CFE1FB747E70098E04C /* Project object */ = {
			isa = PBXProject;
			attributes = {
				LastSwiftUpdateCheck = 0910;
				LastUpgradeCheck = 0910;
				ORGANIZATIONNAME = MAXIMILLIAN;
				TargetAttributes = {
					22382D051FB747E70098E04C = {
						CreatedOnToolsVersion = 9.1;
						ProvisioningStyle = Automatic;
					};
				};
			};
			buildConfigurationList = 22382D011FB747E70098E04C /* Build configuration list for PBXProject "shoplyft" */;
			compatibilityVersion = "Xcode 8.0";
			developmentRegion = en;
			hasScannedForEncodings = 0;
			knownRegions = (
				en,
				Base,
			);
			mainGroup = 22382CFD1FB747E70098E04C;
			productRefGroup = 22382D071FB747E70098E04C /* Products */;
			projectDirPath = "";
			projectRoot = "";
			targets = (
				22382D051FB747E70098E04C /* shoplyft */,
			);
		};
/* End PBXProject section */

/* Begin PBXResourcesBuildPhase section */
		22382D041FB747E70098E04C /* Resources */ = {
			isa = PBXResourcesBuildPhase;
			buildActionMask = 2147483647;
			files = (
				22382D141FB747E70098E04C /* LaunchScreen.storyboard in Resources */,
				22382D111FB747E70098E04C /* Assets.xcassets in Resources */,
				22382D0F1FB747E70098E04C /* Main.storyboard in Resources */,
			);
			runOnlyForDeploymentPostprocessing = 0;
		};
/* End PBXResourcesBuildPhase section */

/* Begin PBXSourcesBuildPhase section */
		22382D021FB747E70098E04C /* Sources */ = {
			isa = PBXSourcesBuildPhase;
			buildActionMask = 2147483647;
			files = (
				22382D211FB8D60B0098E04C /* ProductVC.swift in Sources */,
				22382D0C1FB747E70098E04C /* CategoryVC.swift in Sources */,
				22382D271FB8D67A0098E04C /* product.swift in Sources */,
				22382D2F1FB8DA4E0098E04C /* CategoryCell.swift in Sources */,
				22382D0A1FB747E70098E04C /* AppDelegate.swift in Sources */,
				22382D251FB8D6540098E04C /* DataService.swift in Sources */,
				22382D2D1FB8DA160098E04C /* ProductCell.swift in Sources */,
				22382D291FB8D6880098E04C /* Category.swift in Sources */,
			);
			runOnlyForDeploymentPostprocessing = 0;
		};
/* End PBXSourcesBuildPhase section */

/* Begin PBXVariantGroup section */
		22382D0D1FB747E70098E04C /* Main.storyboard */ = {
			isa = PBXVariantGroup;
			children = (
				22382D0E1FB747E70098E04C /* Base */,
			);
			name = Main.storyboard;
			sourceTree = "<group>";
		};
		22382D121FB747E70098E04C /* LaunchScreen.storyboard */ = {
			isa = PBXVariantGroup;
			children = (
				22382D131FB747E70098E04C /* Base */,
			);
			name = LaunchScreen.storyboard;
			sourceTree = "<group>";
		};
/* End PBXVariantGroup section */

/* Begin XCBuildConfiguration section */
		22382D161FB747E70098E04C /* Debug */ = {
			isa = XCBuildConfiguration;
			buildSettings = {
				ALWAYS_SEARCH_USER_PATHS = NO;
				CLANG_ANALYZER_NONNULL = YES;
				CLANG_ANALYZER_NUMBER_OBJECT_CONVERSION = YES_AGGRESSIVE;
				CLANG_CXX_LANGUAGE_STANDARD = "gnu++14";
				CLANG_CXX_LIBRARY = "libc++";
				CLANG_ENABLE_MODULES = YES;
				CLANG_ENABLE_OBJC_ARC = YES;
				CLANG_WARN_BLOCK_CAPTURE_AUTORELEASING = YES;
				CLANG_WARN_BOOL_CONVERSION = YES;
				CLANG_WARN_COMMA = YES;
				CLANG_WARN_CONSTANT_CONVERSION = YES;
				CLANG_WARN_DIRECT_OBJC_ISA_USAGE = YES_ERROR;
				CLANG_WARN_DOCUMENTATION_COMMENTS = YES;
				CLANG_WARN_EMPTY_BODY = YES;
				CLANG_WARN_ENUM_CONVERSION = YES;
				CLANG_WARN_INFINITE_RECURSION = YES;
				CLANG_WARN_INT_CONVERSION = YES;
				CLANG_WARN_NON_LITERAL_NULL_CONVERSION = YES;
				CLANG_WARN_OBJC_LITERAL_CONVERSION = YES;
				CLANG_WARN_OBJC_ROOT_CLASS = YES_ERROR;
				CLANG_WARN_RANGE_LOOP_ANALYSIS = YES;
				CLANG_WARN_STRICT_PROTOTYPES = YES;
				CLANG_WARN_SUSPICIOUS_MOVE = YES;
				CLANG_WARN_UNGUARDED_AVAILABILITY = YES_AGGRESSIVE;
				CLANG_WARN_UNREACHABLE_CODE = YES;
				CLANG_WARN__DUPLICATE_METHOD_MATCH = YES;
				CODE_SIGN_IDENTITY = "iPhone Developer";
				COPY_PHASE_STRIP = NO;
				DEBUG_INFORMATION_FORMAT = dwarf;
				ENABLE_STRICT_OBJC_MSGSEND = YES;
				ENABLE_TESTABILITY = YES;
				GCC_C_LANGUAGE_STANDARD = gnu11;
				GCC_DYNAMIC_NO_PIC = NO;
				GCC_NO_COMMON_BLOCKS = YES;
				GCC_OPTIMIZATION_LEVEL = 0;
				GCC_PREPROCESSOR_DEFINITIONS = (
					"DEBUG=1",
					"$(inherited)",
				);
				GCC_WARN_64_TO_32_BIT_CONVERSION = YES;
				GCC_WARN_ABOUT_RETURN_TYPE = YES_ERROR;
				GCC_WARN_UNDECLARED_SELECTOR = YES;
				GCC_WARN_UNINITIALIZED_AUTOS = YES_AGGRESSIVE;
				GCC_WARN_UNUSED_FUNCTION = YES;
				GCC_WARN_UNUSED_VARIABLE = YES;
				IPHONEOS_DEPLOYMENT_TARGET = 11.1;
				MTL_ENABLE_DEBUG_INFO = YES;
				ONLY_ACTIVE_ARCH = YES;
				SDKROOT = iphoneos;
				SWIFT_ACTIVE_COMPILATION_CONDITIONS = DEBUG;
				SWIFT_OPTIMIZATION_LEVEL = "-Onone";
			};
			name = Debug;
		};
		22382D171FB747E70098E04C /* Release */ = {
			isa = XCBuildConfiguration;
			buildSettings = {
				ALWAYS_SEARCH_USER_PATHS = NO;
				CLANG_ANALYZER_NONNULL = YES;
				CLANG_ANALYZER_NUMBER_OBJECT_CONVERSION = YES_AGGRESSIVE;
				CLANG_CXX_LANGUAGE_STANDARD = "gnu++14";
				CLANG_CXX_LIBRARY = "libc++";
				CLANG_ENABLE_MODULES = YES;
				CLANG_ENABLE_OBJC_ARC = YES;
				CLANG_WARN_BLOCK_CAPTURE_AUTORELEASING = YES;
				CLANG_WARN_BOOL_CONVERSION = YES;
				CLANG_WARN_COMMA = YES;
				CLANG_WARN_CONSTANT_CONVERSION = YES;
				CLANG_WARN_DIRECT_OBJC_ISA_USAGE = YES_ERROR;
				CLANG_WARN_DOCUMENTATION_COMMENTS = YES;
				CLANG_WARN_EMPTY_BODY = YES;
				CLANG_WARN_ENUM_CONVERSION = YES;
				CLANG_WARN_INFINITE_RECURSION = YES;
				CLANG_WARN_INT_CONVERSION = YES;
				CLANG_WARN_NON_LITERAL_NULL_CONVERSION = YES;
				CLANG_WARN_OBJC_LITERAL_CONVERSION = YES;
				CLANG_WARN_OBJC_ROOT_CLASS = YES_ERROR;
				CLANG_WARN_RANGE_LOOP_ANALYSIS = YES;
				CLANG_WARN_STRICT_PROTOTYPES = YES;
				CLANG_WARN_SUSPICIOUS_MOVE = YES;
				CLANG_WARN_UNGUARDED_AVAILABILITY = YES_AGGRESSIVE;
				CLANG_WARN_UNREACHABLE_CODE = YES;
				CLANG_WARN__DUPLICATE_METHOD_MATCH = YES;
				CODE_SIGN_IDENTITY = "iPhone Developer";
				COPY_PHASE_STRIP = NO;
				DEBUG_INFORMATION_FORMAT = "dwarf-with-dsym";
				ENABLE_NS_ASSERTIONS = NO;
				ENABLE_STRICT_OBJC_MSGSEND = YES;
				GCC_C_LANGUAGE_STANDARD = gnu11;
				GCC_NO_COMMON_BLOCKS = YES;
				GCC_WARN_64_TO_32_BIT_CONVERSION = YES;
				GCC_WARN_ABOUT_RETURN_TYPE = YES_ERROR;
				GCC_WARN_UNDECLARED_SELECTOR = YES;
				GCC_WARN_UNINITIALIZED_AUTOS = YES_AGGRESSIVE;
				GCC_WARN_UNUSED_FUNCTION = YES;
				GCC_WARN_UNUSED_VARIABLE = YES;
				IPHONEOS_DEPLOYMENT_TARGET = 11.1;
				MTL_ENABLE_DEBUG_INFO = NO;
				SDKROOT = iphoneos;
				SWIFT_OPTIMIZATION_LEVEL = "-Owholemodule";
				VALIDATE_PRODUCT = YES;
			};
			name = Release;
		};
		22382D191FB747E70098E04C /* Debug */ = {
			isa = XCBuildConfiguration;
			buildSettings = {
				ASSETCATALOG_COMPILER_APPICON_NAME = AppIcon;
				CODE_SIGN_STYLE = Automatic;
				DEVELOPMENT_TEAM = 2TTJ77U7C4;
				INFOPLIST_FILE = shoplyft/Info.plist;
				LD_RUNPATH_SEARCH_PATHS = "$(inherited) @executable_path/Frameworks";
				PRODUCT_BUNDLE_IDENTIFIER = millian.shoplyft;
				PRODUCT_NAME = "$(TARGET_NAME)";
				SWIFT_VERSION = 4.0;
				TARGETED_DEVICE_FAMILY = "1,2";
			};
			name = Debug;
		};
		22382D1A1FB747E70098E04C /* Release */ = {
			isa = XCBuildConfiguration;
			buildSettings = {
				ASSETCATALOG_COMPILER_APPICON_NAME = AppIcon;
				CODE_SIGN_STYLE = Automatic;
				DEVELOPMENT_TEAM = 2TTJ77U7C4;
				INFOPLIST_FILE = shoplyft/Info.plist;
				LD_RUNPATH_SEARCH_PATHS = "$(inherited) @executable_path/Frameworks";
				PRODUCT_BUNDLE_IDENTIFIER = millian.shoplyft;
				PRODUCT_NAME = "$(TARGET_NAME)";
				SWIFT_VERSION = 4.0;
				TARGETED_DEVICE_FAMILY = "1,2";
			};
			name = Release;
		};
/* End XCBuildConfiguration section */

/* Begin XCConfigurationList section */
		22382D011FB747E70098E04C /* Build configuration list for PBXProject "shoplyft" */ = {
			isa = XCConfigurationList;
			buildConfigurations = (
				22382D161FB747E70098E04C /* Debug */,
				22382D171FB747E70098E04C /* Release */,
			);
			defaultConfigurationIsVisible = 0;
			defaultConfigurationName = Release;
		};
		22382D181FB747E70098E04C /* Build configuration list for PBXNativeTarget "shoplyft" */ = {
			isa = XCConfigurationList;
			buildConfigurations = (
				22382D191FB747E70098E04C /* Debug */,
				22382D1A1FB747E70098E04C /* Release */,
			);
			defaultConfigurationIsVisible = 0;
			defaultConfigurationName = Release;
		};
/* End XCConfigurationList section */
	};
	rootObject = 22382CFE1FB747E70098E04C /* Project object */;
}
